Microsoft Visual Studio Solution File, Format Version 12.00
Project("{FAE04EC0-301F-11D3-BF4B-00C04F79EFBC}") = "Easify.Azure.AspNetCore.AppInsights", "Easify.Azure.AspNetCore.AppInsights\Easify.Azure.AspNetCore.AppInsights.csproj", "{0F5246A7-C0B6-48F3-9BC4-FEF16874BD89}"
EndProject
Global
	GlobalSection(SolutionConfigurationPlatforms) = preSolution
		Debug|Any CPU = Debug|Any CPU
		Release|Any CPU = Release|Any CPU
	EndGlobalSection
	GlobalSection(ProjectConfigurationPlatforms) = postSolution
		{0F5246A7-C0B6-48F3-9BC4-FEF16874BD89}.Debug|Any CPU.ActiveCfg = Debug|Any CPU
		{0F5246A7-C0B6-48F3-9BC4-FEF16874BD89}.Debug|Any CPU.Build.0 = Debug|Any CPU
		{0F5246A7-C0B6-48F3-9BC4-FEF16874BD89}.Release|Any CPU.ActiveCfg = Release|Any CPU
		{0F5246A7-C0B6-48F3-9BC4-FEF16874BD89}.Release|Any CPU.Build.0 = Release|Any CPU
	EndGlobalSection
	GlobalSection(SolutionProperties) = preSolution
		HideSolutionNode = FALSE
	EndGlobalSection
	GlobalSection(NestedProjects) = preSolution
		{0F5246A7-C0B6-48F3-9BC4-FEF16874BD89} = {62474ED1-B51D-4E3B-B4A8-86331DDA4E9F}
	EndGlobalSection
	GlobalSection(ExtensibilityGlobals) = postSolution
		SolutionGuid = {AD317B39-D1E3-4033-A80A-C5F8CACAAF2C}
	EndGlobalSection
EndGlobal
