
Microsoft Visual Studio Solution File, Format Version 12.00
# Visual Studio Version 16
VisualStudioVersion = 16.0.30128.74
MinimumVisualStudioVersion = 10.0.40219.1
Project("{9A19103F-16F7-4668-BE54-9A1E7A4F7556}") = "LittleBlocks.Azure.AspNetCore.AppInsights", "LittleBlocks.Azure.AspNetCore.AppInsights\LittleBlocks.Azure.AspNetCore.AppInsights.csproj", "{0F5246A7-C0B6-48F3-9BC4-FEF16874BD89}"
EndProject
Project("{FAE04EC0-301F-11D3-BF4B-00C04F79EFBC}") = "LittleBlocks.Azure.AspNetCore.AppInsights.UnitTests", "LittleBlocks.Azure.AspNetCore.AppInsights.UnitTests\LittleBlocks.Azure.AspNetCore.AppInsights.UnitTests.csproj", "{A80E9116-95B6-43A5-A227-4C96D6C8ADB5}"
EndProject
Project("{FAE04EC0-301F-11D3-BF4B-00C04F79EFBC}") = "LittleBlocks.Azure.AspNetCore", "LittleBlocks.Azure.AspNetCore\LittleBlocks.Azure.AspNetCore.csproj", "{D413300A-5272-4D1C-9F14-5E20C1D3B24E}"
EndProject
Project("{FAE04EC0-301F-11D3-BF4B-00C04F79EFBC}") = "LittleBlocks.Azure.AspNetCore.UnitTests", "LittleBlocks.Azure.AspNetCore.UnitTests\LittleBlocks.Azure.AspNetCore.UnitTests.csproj", "{F647B941-F688-4C7F-A45B-5F0AD5772FE1}"
EndProject
Project("{FAE04EC0-301F-11D3-BF4B-00C04F79EFBC}") = "LittleBlocks.Azure.Serilog", "LittleBlocks.Azure.Serilog\LittleBlocks.Azure.Serilog.csproj", "{0DBB081F-8EA1-410D-9340-2D5D5003E657}"
EndProject
Project("{2150E333-8FDC-42A3-9474-1A3956D46DE8}") = "Extras", "Extras", "{D2824174-5D64-419E-BF04-87170FC1A08B}"
	ProjectSection(SolutionItems) = preProject
		..\GitVersion.yml = ..\GitVersion.yml
	EndProjectSection
EndProject
Global
	GlobalSection(SolutionConfigurationPlatforms) = preSolution
		Debug|Any CPU = Debug|Any CPU
		Release|Any CPU = Release|Any CPU
	EndGlobalSection
	GlobalSection(ProjectConfigurationPlatforms) = postSolution
		{0F5246A7-C0B6-48F3-9BC4-FEF16874BD89}.Debug|Any CPU.ActiveCfg = Debug|Any CPU
		{0F5246A7-C0B6-48F3-9BC4-FEF16874BD89}.Debug|Any CPU.Build.0 = Debug|Any CPU
		{0F5246A7-C0B6-48F3-9BC4-FEF16874BD89}.Release|Any CPU.ActiveCfg = Release|Any CPU
		{0F5246A7-C0B6-48F3-9BC4-FEF16874BD89}.Release|Any CPU.Build.0 = Release|Any CPU
		{A80E9116-95B6-43A5-A227-4C96D6C8ADB5}.Debug|Any CPU.ActiveCfg = Debug|Any CPU
		{A80E9116-95B6-43A5-A227-4C96D6C8ADB5}.Debug|Any CPU.Build.0 = Debug|Any CPU
		{A80E9116-95B6-43A5-A227-4C96D6C8ADB5}.Release|Any CPU.ActiveCfg = Release|Any CPU
		{A80E9116-95B6-43A5-A227-4C96D6C8ADB5}.Release|Any CPU.Build.0 = Release|Any CPU
		{D413300A-5272-4D1C-9F14-5E20C1D3B24E}.Debug|Any CPU.ActiveCfg = Debug|Any CPU
		{D413300A-5272-4D1C-9F14-5E20C1D3B24E}.Debug|Any CPU.Build.0 = Debug|Any CPU
		{D413300A-5272-4D1C-9F14-5E20C1D3B24E}.Release|Any CPU.ActiveCfg = Release|Any CPU
		{D413300A-5272-4D1C-9F14-5E20C1D3B24E}.Release|Any CPU.Build.0 = Release|Any CPU
		{F647B941-F688-4C7F-A45B-5F0AD5772FE1}.Debug|Any CPU.ActiveCfg = Debug|Any CPU
		{F647B941-F688-4C7F-A45B-5F0AD5772FE1}.Debug|Any CPU.Build.0 = Debug|Any CPU
		{F647B941-F688-4C7F-A45B-5F0AD5772FE1}.Release|Any CPU.ActiveCfg = Release|Any CPU
		{F647B941-F688-4C7F-A45B-5F0AD5772FE1}.Release|Any CPU.Build.0 = Release|Any CPU
		{0DBB081F-8EA1-410D-9340-2D5D5003E657}.Debug|Any CPU.ActiveCfg = Debug|Any CPU
		{0DBB081F-8EA1-410D-9340-2D5D5003E657}.Debug|Any CPU.Build.0 = Debug|Any CPU
		{0DBB081F-8EA1-410D-9340-2D5D5003E657}.Release|Any CPU.ActiveCfg = Release|Any CPU
		{0DBB081F-8EA1-410D-9340-2D5D5003E657}.Release|Any CPU.Build.0 = Release|Any CPU
	EndGlobalSection
	GlobalSection(SolutionProperties) = preSolution
		HideSolutionNode = FALSE
	EndGlobalSection
	GlobalSection(ExtensibilityGlobals) = postSolution
		SolutionGuid = {AD317B39-D1E3-4033-A80A-C5F8CACAAF2C}
	EndGlobalSection
EndGlobal
